
Microsoft Visual Studio Solution File, Format Version 12.00
# Visual Studio 14
VisualStudioVersion = 14.0.25420.1
MinimumVisualStudioVersion = 10.0.40219.1
Project("{FAE04EC0-301F-11D3-BF4B-00C04F79EFBC}") = "Dawaa", "GHQ\GHQ\Dawaa.csproj", "{31614CD2-D16F-4623-ABD8-7E5B8F4F031A}"
EndProject
Project("{FAE04EC0-301F-11D3-BF4B-00C04F79EFBC}") = "Dawaa.Droid", "GHQ\GHQ.Droid\Dawaa.Droid.csproj", "{6470391A-CD14-4AE6-864B-DDB8334D0269}"
EndProject
Project("{FAE04EC0-301F-11D3-BF4B-00C04F79EFBC}") = "Dawaa.iOS", "GHQ\GHQ.iOS\Dawaa.iOS.csproj", "{84EE952E-5772-45DE-A3D7-541B4995223D}"
EndProject
Project("{FAE04EC0-301F-11D3-BF4B-00C04F79EFBC}") = "Dawaa.UWP", "GHQ\GHQ.UWP\Dawaa.UWP.csproj", "{49B1FDC6-5FD2-4B85-8401-2E7636BE9CB8}"
EndProject
Project("{FAE04EC0-301F-11D3-BF4B-00C04F79EFBC}") = "ProjectX.Common", "ProjectX.Common\ProjectX.Common.csproj", "{67F9D3A8-F71E-4428-913F-C37AE82CDB24}"
EndProject
Global
	GlobalSection(SolutionConfigurationPlatforms) = preSolution
		Ad-Hoc|Any CPU = Ad-Hoc|Any CPU
		Ad-Hoc|ARM = Ad-Hoc|ARM
		Ad-Hoc|iPhone = Ad-Hoc|iPhone
		Ad-Hoc|iPhoneSimulator = Ad-Hoc|iPhoneSimulator
		Ad-Hoc|x64 = Ad-Hoc|x64
		Ad-Hoc|x86 = Ad-Hoc|x86
		AppStore|Any CPU = AppStore|Any CPU
		AppStore|ARM = AppStore|ARM
		AppStore|iPhone = AppStore|iPhone
		AppStore|iPhoneSimulator = AppStore|iPhoneSimulator
		AppStore|x64 = AppStore|x64
		AppStore|x86 = AppStore|x86
		Debug|Any CPU = Debug|Any CPU
		Debug|ARM = Debug|ARM
		Debug|iPhone = Debug|iPhone
		Debug|iPhoneSimulator = Debug|iPhoneSimulator
		Debug|x64 = Debug|x64
		Debug|x86 = Debug|x86
		Release|Any CPU = Release|Any CPU
		Release|ARM = Release|ARM
		Release|iPhone = Release|iPhone
		Release|iPhoneSimulator = Release|iPhoneSimulator
		Release|x64 = Release|x64
		Release|x86 = Release|x86
	EndGlobalSection
	GlobalSection(ProjectConfigurationPlatforms) = postSolution
		{31614CD2-D16F-4623-ABD8-7E5B8F4F031A}.Ad-Hoc|Any CPU.ActiveCfg = Release|Any CPU
		{31614CD2-D16F-4623-ABD8-7E5B8F4F031A}.Ad-Hoc|Any CPU.Build.0 = Release|Any CPU
		{31614CD2-D16F-4623-ABD8-7E5B8F4F031A}.Ad-Hoc|ARM.ActiveCfg = Release|Any CPU
		{31614CD2-D16F-4623-ABD8-7E5B8F4F031A}.Ad-Hoc|ARM.Build.0 = Release|Any CPU
		{31614CD2-D16F-4623-ABD8-7E5B8F4F031A}.Ad-Hoc|iPhone.ActiveCfg = Release|Any CPU
		{31614CD2-D16F-4623-ABD8-7E5B8F4F031A}.Ad-Hoc|iPhone.Build.0 = Release|Any CPU
		{31614CD2-D16F-4623-ABD8-7E5B8F4F031A}.Ad-Hoc|iPhoneSimulator.ActiveCfg = Release|Any CPU
		{31614CD2-D16F-4623-ABD8-7E5B8F4F031A}.Ad-Hoc|iPhoneSimulator.Build.0 = Release|Any CPU
		{31614CD2-D16F-4623-ABD8-7E5B8F4F031A}.Ad-Hoc|x64.ActiveCfg = Release|Any CPU
		{31614CD2-D16F-4623-ABD8-7E5B8F4F031A}.Ad-Hoc|x64.Build.0 = Release|Any CPU
		{31614CD2-D16F-4623-ABD8-7E5B8F4F031A}.Ad-Hoc|x86.ActiveCfg = Release|Any CPU
		{31614CD2-D16F-4623-ABD8-7E5B8F4F031A}.Ad-Hoc|x86.Build.0 = Release|Any CPU
		{31614CD2-D16F-4623-ABD8-7E5B8F4F031A}.AppStore|Any CPU.ActiveCfg = Release|Any CPU
		{31614CD2-D16F-4623-ABD8-7E5B8F4F031A}.AppStore|Any CPU.Build.0 = Release|Any CPU
		{31614CD2-D16F-4623-ABD8-7E5B8F4F031A}.AppStore|ARM.ActiveCfg = Release|Any CPU
		{31614CD2-D16F-4623-ABD8-7E5B8F4F031A}.AppStore|ARM.Build.0 = Release|Any CPU
		{31614CD2-D16F-4623-ABD8-7E5B8F4F031A}.AppStore|iPhone.ActiveCfg = Release|Any CPU
		{31614CD2-D16F-4623-ABD8-7E5B8F4F031A}.AppStore|iPhone.Build.0 = Release|Any CPU
		{31614CD2-D16F-4623-ABD8-7E5B8F4F031A}.AppStore|iPhoneSimulator.ActiveCfg = Release|Any CPU
		{31614CD2-D16F-4623-ABD8-7E5B8F4F031A}.AppStore|iPhoneSimulator.Build.0 = Release|Any CPU
		{31614CD2-D16F-4623-ABD8-7E5B8F4F031A}.AppStore|x64.ActiveCfg = Release|Any CPU
		{31614CD2-D16F-4623-ABD8-7E5B8F4F031A}.AppStore|x64.Build.0 = Release|Any CPU
		{31614CD2-D16F-4623-ABD8-7E5B8F4F031A}.AppStore|x86.ActiveCfg = Release|Any CPU
		{31614CD2-D16F-4623-ABD8-7E5B8F4F031A}.AppStore|x86.Build.0 = Release|Any CPU
		{31614CD2-D16F-4623-ABD8-7E5B8F4F031A}.Debug|Any CPU.ActiveCfg = Debug|Any CPU
		{31614CD2-D16F-4623-ABD8-7E5B8F4F031A}.Debug|Any CPU.Build.0 = Debug|Any CPU
		{31614CD2-D16F-4623-ABD8-7E5B8F4F031A}.Debug|ARM.ActiveCfg = Debug|Any CPU
		{31614CD2-D16F-4623-ABD8-7E5B8F4F031A}.Debug|ARM.Build.0 = Debug|Any CPU
		{31614CD2-D16F-4623-ABD8-7E5B8F4F031A}.Debug|iPhone.ActiveCfg = Debug|Any CPU
		{31614CD2-D16F-4623-ABD8-7E5B8F4F031A}.Debug|iPhone.Build.0 = Debug|Any CPU
		{31614CD2-D16F-4623-ABD8-7E5B8F4F031A}.Debug|iPhoneSimulator.ActiveCfg = Debug|Any CPU
		{31614CD2-D16F-4623-ABD8-7E5B8F4F031A}.Debug|iPhoneSimulator.Build.0 = Debug|Any CPU
		{31614CD2-D16F-4623-ABD8-7E5B8F4F031A}.Debug|x64.ActiveCfg = Debug|Any CPU
		{31614CD2-D16F-4623-ABD8-7E5B8F4F031A}.Debug|x64.Build.0 = Debug|Any CPU
		{31614CD2-D16F-4623-ABD8-7E5B8F4F031A}.Debug|x86.ActiveCfg = Debug|Any CPU
		{31614CD2-D16F-4623-ABD8-7E5B8F4F031A}.Debug|x86.Build.0 = Debug|Any CPU
		{31614CD2-D16F-4623-ABD8-7E5B8F4F031A}.Release|Any CPU.ActiveCfg = Release|Any CPU
		{31614CD2-D16F-4623-ABD8-7E5B8F4F031A}.Release|Any CPU.Build.0 = Release|Any CPU
		{31614CD2-D16F-4623-ABD8-7E5B8F4F031A}.Release|ARM.ActiveCfg = Release|Any CPU
		{31614CD2-D16F-4623-ABD8-7E5B8F4F031A}.Release|ARM.Build.0 = Release|Any CPU
		{31614CD2-D16F-4623-ABD8-7E5B8F4F031A}.Release|iPhone.ActiveCfg = Release|Any CPU
		{31614CD2-D16F-4623-ABD8-7E5B8F4F031A}.Release|iPhone.Build.0 = Release|Any CPU
		{31614CD2-D16F-4623-ABD8-7E5B8F4F031A}.Release|iPhoneSimulator.ActiveCfg = Release|Any CPU
		{31614CD2-D16F-4623-ABD8-7E5B8F4F031A}.Release|iPhoneSimulator.Build.0 = Release|Any CPU
		{31614CD2-D16F-4623-ABD8-7E5B8F4F031A}.Release|x64.ActiveCfg = Release|Any CPU
		{31614CD2-D16F-4623-ABD8-7E5B8F4F031A}.Release|x64.Build.0 = Release|Any CPU
		{31614CD2-D16F-4623-ABD8-7E5B8F4F031A}.Release|x86.ActiveCfg = Release|Any CPU
		{31614CD2-D16F-4623-ABD8-7E5B8F4F031A}.Release|x86.Build.0 = Release|Any CPU
		{6470391A-CD14-4AE6-864B-DDB8334D0269}.Ad-Hoc|Any CPU.ActiveCfg = Release|Any CPU
		{6470391A-CD14-4AE6-864B-DDB8334D0269}.Ad-Hoc|Any CPU.Build.0 = Release|Any CPU
		{6470391A-CD14-4AE6-864B-DDB8334D0269}.Ad-Hoc|Any CPU.Deploy.0 = Release|Any CPU
		{6470391A-CD14-4AE6-864B-DDB8334D0269}.Ad-Hoc|ARM.ActiveCfg = Release|Any CPU
		{6470391A-CD14-4AE6-864B-DDB8334D0269}.Ad-Hoc|ARM.Build.0 = Release|Any CPU
		{6470391A-CD14-4AE6-864B-DDB8334D0269}.Ad-Hoc|ARM.Deploy.0 = Release|Any CPU
		{6470391A-CD14-4AE6-864B-DDB8334D0269}.Ad-Hoc|iPhone.ActiveCfg = Release|Any CPU
		{6470391A-CD14-4AE6-864B-DDB8334D0269}.Ad-Hoc|iPhone.Build.0 = Release|Any CPU
		{6470391A-CD14-4AE6-864B-DDB8334D0269}.Ad-Hoc|iPhone.Deploy.0 = Release|Any CPU
		{6470391A-CD14-4AE6-864B-DDB8334D0269}.Ad-Hoc|iPhoneSimulator.ActiveCfg = Release|Any CPU
		{6470391A-CD14-4AE6-864B-DDB8334D0269}.Ad-Hoc|iPhoneSimulator.Build.0 = Release|Any CPU
		{6470391A-CD14-4AE6-864B-DDB8334D0269}.Ad-Hoc|iPhoneSimulator.Deploy.0 = Release|Any CPU
		{6470391A-CD14-4AE6-864B-DDB8334D0269}.Ad-Hoc|x64.ActiveCfg = Release|Any CPU
		{6470391A-CD14-4AE6-864B-DDB8334D0269}.Ad-Hoc|x64.Build.0 = Release|Any CPU
		{6470391A-CD14-4AE6-864B-DDB8334D0269}.Ad-Hoc|x64.Deploy.0 = Release|Any CPU
		{6470391A-CD14-4AE6-864B-DDB8334D0269}.Ad-Hoc|x86.ActiveCfg = Release|Any CPU
		{6470391A-CD14-4AE6-864B-DDB8334D0269}.Ad-Hoc|x86.Build.0 = Release|Any CPU
		{6470391A-CD14-4AE6-864B-DDB8334D0269}.Ad-Hoc|x86.Deploy.0 = Release|Any CPU
		{6470391A-CD14-4AE6-864B-DDB8334D0269}.AppStore|Any CPU.ActiveCfg = Release|Any CPU
		{6470391A-CD14-4AE6-864B-DDB8334D0269}.AppStore|Any CPU.Build.0 = Release|Any CPU
		{6470391A-CD14-4AE6-864B-DDB8334D0269}.AppStore|Any CPU.Deploy.0 = Release|Any CPU
		{6470391A-CD14-4AE6-864B-DDB8334D0269}.AppStore|ARM.ActiveCfg = Release|Any CPU
		{6470391A-CD14-4AE6-864B-DDB8334D0269}.AppStore|ARM.Build.0 = Release|Any CPU
		{6470391A-CD14-4AE6-864B-DDB8334D0269}.AppStore|ARM.Deploy.0 = Release|Any CPU
		{6470391A-CD14-4AE6-864B-DDB8334D0269}.AppStore|iPhone.ActiveCfg = Release|Any CPU
		{6470391A-CD14-4AE6-864B-DDB8334D0269}.AppStore|iPhone.Build.0 = Release|Any CPU
		{6470391A-CD14-4AE6-864B-DDB8334D0269}.AppStore|iPhone.Deploy.0 = Release|Any CPU
		{6470391A-CD14-4AE6-864B-DDB8334D0269}.AppStore|iPhoneSimulator.ActiveCfg = Release|Any CPU
		{6470391A-CD14-4AE6-864B-DDB8334D0269}.AppStore|iPhoneSimulator.Build.0 = Release|Any CPU
		{6470391A-CD14-4AE6-864B-DDB8334D0269}.AppStore|iPhoneSimulator.Deploy.0 = Release|Any CPU
		{6470391A-CD14-4AE6-864B-DDB8334D0269}.AppStore|x64.ActiveCfg = Release|Any CPU
		{6470391A-CD14-4AE6-864B-DDB8334D0269}.AppStore|x64.Build.0 = Release|Any CPU
		{6470391A-CD14-4AE6-864B-DDB8334D0269}.AppStore|x64.Deploy.0 = Release|Any CPU
		{6470391A-CD14-4AE6-864B-DDB8334D0269}.AppStore|x86.ActiveCfg = Release|Any CPU
		{6470391A-CD14-4AE6-864B-DDB8334D0269}.AppStore|x86.Build.0 = Release|Any CPU
		{6470391A-CD14-4AE6-864B-DDB8334D0269}.AppStore|x86.Deploy.0 = Release|Any CPU
		{6470391A-CD14-4AE6-864B-DDB8334D0269}.Debug|Any CPU.ActiveCfg = Debug|Any CPU
		{6470391A-CD14-4AE6-864B-DDB8334D0269}.Debug|Any CPU.Build.0 = Debug|Any CPU
		{6470391A-CD14-4AE6-864B-DDB8334D0269}.Debug|Any CPU.Deploy.0 = Debug|Any CPU
		{6470391A-CD14-4AE6-864B-DDB8334D0269}.Debug|ARM.ActiveCfg = Debug|Any CPU
		{6470391A-CD14-4AE6-864B-DDB8334D0269}.Debug|ARM.Build.0 = Debug|Any CPU
		{6470391A-CD14-4AE6-864B-DDB8334D0269}.Debug|ARM.Deploy.0 = Debug|Any CPU
		{6470391A-CD14-4AE6-864B-DDB8334D0269}.Debug|iPhone.ActiveCfg = Debug|Any CPU
		{6470391A-CD14-4AE6-864B-DDB8334D0269}.Debug|iPhone.Build.0 = Debug|Any CPU
		{6470391A-CD14-4AE6-864B-DDB8334D0269}.Debug|iPhone.Deploy.0 = Debug|Any CPU
		{6470391A-CD14-4AE6-864B-DDB8334D0269}.Debug|iPhoneSimulator.ActiveCfg = Debug|Any CPU
		{6470391A-CD14-4AE6-864B-DDB8334D0269}.Debug|iPhoneSimulator.Build.0 = Debug|Any CPU
		{6470391A-CD14-4AE6-864B-DDB8334D0269}.Debug|iPhoneSimulator.Deploy.0 = Debug|Any CPU
		{6470391A-CD14-4AE6-864B-DDB8334D0269}.Debug|x64.ActiveCfg = Debug|Any CPU
		{6470391A-CD14-4AE6-864B-DDB8334D0269}.Debug|x64.Build.0 = Debug|Any CPU
		{6470391A-CD14-4AE6-864B-DDB8334D0269}.Debug|x64.Deploy.0 = Debug|Any CPU
		{6470391A-CD14-4AE6-864B-DDB8334D0269}.Debug|x86.ActiveCfg = Debug|Any CPU
		{6470391A-CD14-4AE6-864B-DDB8334D0269}.Debug|x86.Build.0 = Debug|Any CPU
		{6470391A-CD14-4AE6-864B-DDB8334D0269}.Debug|x86.Deploy.0 = Debug|Any CPU
		{6470391A-CD14-4AE6-864B-DDB8334D0269}.Release|Any CPU.ActiveCfg = Release|Any CPU
		{6470391A-CD14-4AE6-864B-DDB8334D0269}.Release|Any CPU.Build.0 = Release|Any CPU
		{6470391A-CD14-4AE6-864B-DDB8334D0269}.Release|Any CPU.Deploy.0 = Release|Any CPU
		{6470391A-CD14-4AE6-864B-DDB8334D0269}.Release|ARM.ActiveCfg = Release|Any CPU
		{6470391A-CD14-4AE6-864B-DDB8334D0269}.Release|ARM.Build.0 = Release|Any CPU
		{6470391A-CD14-4AE6-864B-DDB8334D0269}.Release|ARM.Deploy.0 = Release|Any CPU
		{6470391A-CD14-4AE6-864B-DDB8334D0269}.Release|iPhone.ActiveCfg = Release|Any CPU
		{6470391A-CD14-4AE6-864B-DDB8334D0269}.Release|iPhone.Build.0 = Release|Any CPU
		{6470391A-CD14-4AE6-864B-DDB8334D0269}.Release|iPhone.Deploy.0 = Release|Any CPU
		{6470391A-CD14-4AE6-864B-DDB8334D0269}.Release|iPhoneSimulator.ActiveCfg = Release|Any CPU
		{6470391A-CD14-4AE6-864B-DDB8334D0269}.Release|iPhoneSimulator.Build.0 = Release|Any CPU
		{6470391A-CD14-4AE6-864B-DDB8334D0269}.Release|iPhoneSimulator.Deploy.0 = Release|Any CPU
		{6470391A-CD14-4AE6-864B-DDB8334D0269}.Release|x64.ActiveCfg = Release|Any CPU
		{6470391A-CD14-4AE6-864B-DDB8334D0269}.Release|x64.Build.0 = Release|Any CPU
		{6470391A-CD14-4AE6-864B-DDB8334D0269}.Release|x64.Deploy.0 = Release|Any CPU
		{6470391A-CD14-4AE6-864B-DDB8334D0269}.Release|x86.ActiveCfg = Release|Any CPU
		{6470391A-CD14-4AE6-864B-DDB8334D0269}.Release|x86.Build.0 = Release|Any CPU
		{6470391A-CD14-4AE6-864B-DDB8334D0269}.Release|x86.Deploy.0 = Release|Any CPU
		{84EE952E-5772-45DE-A3D7-541B4995223D}.Ad-Hoc|Any CPU.ActiveCfg = Ad-Hoc|iPhone
		{84EE952E-5772-45DE-A3D7-541B4995223D}.Ad-Hoc|ARM.ActiveCfg = Ad-Hoc|iPhone
		{84EE952E-5772-45DE-A3D7-541B4995223D}.Ad-Hoc|iPhone.ActiveCfg = Ad-Hoc|iPhone
		{84EE952E-5772-45DE-A3D7-541B4995223D}.Ad-Hoc|iPhone.Build.0 = Ad-Hoc|iPhone
		{84EE952E-5772-45DE-A3D7-541B4995223D}.Ad-Hoc|iPhoneSimulator.ActiveCfg = Ad-Hoc|iPhoneSimulator
		{84EE952E-5772-45DE-A3D7-541B4995223D}.Ad-Hoc|iPhoneSimulator.Build.0 = Ad-Hoc|iPhoneSimulator
		{84EE952E-5772-45DE-A3D7-541B4995223D}.Ad-Hoc|x64.ActiveCfg = Ad-Hoc|iPhone
		{84EE952E-5772-45DE-A3D7-541B4995223D}.Ad-Hoc|x86.ActiveCfg = Ad-Hoc|iPhone
		{84EE952E-5772-45DE-A3D7-541B4995223D}.AppStore|Any CPU.ActiveCfg = AppStore|iPhone
		{84EE952E-5772-45DE-A3D7-541B4995223D}.AppStore|ARM.ActiveCfg = AppStore|iPhone
		{84EE952E-5772-45DE-A3D7-541B4995223D}.AppStore|iPhone.ActiveCfg = AppStore|iPhone
		{84EE952E-5772-45DE-A3D7-541B4995223D}.AppStore|iPhone.Build.0 = AppStore|iPhone
		{84EE952E-5772-45DE-A3D7-541B4995223D}.AppStore|iPhoneSimulator.ActiveCfg = AppStore|iPhoneSimulator
		{84EE952E-5772-45DE-A3D7-541B4995223D}.AppStore|iPhoneSimulator.Build.0 = AppStore|iPhoneSimulator
		{84EE952E-5772-45DE-A3D7-541B4995223D}.AppStore|x64.ActiveCfg = AppStore|iPhone
		{84EE952E-5772-45DE-A3D7-541B4995223D}.AppStore|x86.ActiveCfg = AppStore|iPhone
		{84EE952E-5772-45DE-A3D7-541B4995223D}.Debug|Any CPU.ActiveCfg = Debug|iPhone
		{84EE952E-5772-45DE-A3D7-541B4995223D}.Debug|ARM.ActiveCfg = Debug|iPhone
		{84EE952E-5772-45DE-A3D7-541B4995223D}.Debug|iPhone.ActiveCfg = Debug|iPhone
		{84EE952E-5772-45DE-A3D7-541B4995223D}.Debug|iPhone.Build.0 = Debug|iPhone
		{84EE952E-5772-45DE-A3D7-541B4995223D}.Debug|iPhoneSimulator.ActiveCfg = Debug|iPhoneSimulator
		{84EE952E-5772-45DE-A3D7-541B4995223D}.Debug|iPhoneSimulator.Build.0 = Debug|iPhoneSimulator
		{84EE952E-5772-45DE-A3D7-541B4995223D}.Debug|x64.ActiveCfg = Debug|iPhone
		{84EE952E-5772-45DE-A3D7-541B4995223D}.Debug|x86.ActiveCfg = Debug|iPhone
		{84EE952E-5772-45DE-A3D7-541B4995223D}.Release|Any CPU.ActiveCfg = Release|iPhone
		{84EE952E-5772-45DE-A3D7-541B4995223D}.Release|ARM.ActiveCfg = Release|iPhone
		{84EE952E-5772-45DE-A3D7-541B4995223D}.Release|iPhone.ActiveCfg = Release|iPhone
		{84EE952E-5772-45DE-A3D7-541B4995223D}.Release|iPhone.Build.0 = Release|iPhone
		{84EE952E-5772-45DE-A3D7-541B4995223D}.Release|iPhoneSimulator.ActiveCfg = Release|iPhoneSimulator
		{84EE952E-5772-45DE-A3D7-541B4995223D}.Release|iPhoneSimulator.Build.0 = Release|iPhoneSimulator
		{84EE952E-5772-45DE-A3D7-541B4995223D}.Release|x64.ActiveCfg = Release|iPhone
		{84EE952E-5772-45DE-A3D7-541B4995223D}.Release|x86.ActiveCfg = Release|iPhone
		{49B1FDC6-5FD2-4B85-8401-2E7636BE9CB8}.Ad-Hoc|Any CPU.ActiveCfg = Release|x86
		{49B1FDC6-5FD2-4B85-8401-2E7636BE9CB8}.Ad-Hoc|Any CPU.Build.0 = Release|x86
		{49B1FDC6-5FD2-4B85-8401-2E7636BE9CB8}.Ad-Hoc|Any CPU.Deploy.0 = Release|x86
		{49B1FDC6-5FD2-4B85-8401-2E7636BE9CB8}.Ad-Hoc|ARM.ActiveCfg = Release|ARM
		{49B1FDC6-5FD2-4B85-8401-2E7636BE9CB8}.Ad-Hoc|ARM.Build.0 = Release|ARM
		{49B1FDC6-5FD2-4B85-8401-2E7636BE9CB8}.Ad-Hoc|ARM.Deploy.0 = Release|ARM
		{49B1FDC6-5FD2-4B85-8401-2E7636BE9CB8}.Ad-Hoc|iPhone.ActiveCfg = Release|x86
		{49B1FDC6-5FD2-4B85-8401-2E7636BE9CB8}.Ad-Hoc|iPhone.Build.0 = Release|x86
		{49B1FDC6-5FD2-4B85-8401-2E7636BE9CB8}.Ad-Hoc|iPhone.Deploy.0 = Release|x86
		{49B1FDC6-5FD2-4B85-8401-2E7636BE9CB8}.Ad-Hoc|iPhoneSimulator.ActiveCfg = Release|x86
		{49B1FDC6-5FD2-4B85-8401-2E7636BE9CB8}.Ad-Hoc|iPhoneSimulator.Build.0 = Release|x86
		{49B1FDC6-5FD2-4B85-8401-2E7636BE9CB8}.Ad-Hoc|iPhoneSimulator.Deploy.0 = Release|x86
		{49B1FDC6-5FD2-4B85-8401-2E7636BE9CB8}.Ad-Hoc|x64.ActiveCfg = Release|x64
		{49B1FDC6-5FD2-4B85-8401-2E7636BE9CB8}.Ad-Hoc|x64.Build.0 = Release|x64
		{49B1FDC6-5FD2-4B85-8401-2E7636BE9CB8}.Ad-Hoc|x64.Deploy.0 = Release|x64
		{49B1FDC6-5FD2-4B85-8401-2E7636BE9CB8}.Ad-Hoc|x86.ActiveCfg = Release|x86
		{49B1FDC6-5FD2-4B85-8401-2E7636BE9CB8}.Ad-Hoc|x86.Build.0 = Release|x86
		{49B1FDC6-5FD2-4B85-8401-2E7636BE9CB8}.Ad-Hoc|x86.Deploy.0 = Release|x86
		{49B1FDC6-5FD2-4B85-8401-2E7636BE9CB8}.AppStore|Any CPU.ActiveCfg = Release|x86
		{49B1FDC6-5FD2-4B85-8401-2E7636BE9CB8}.AppStore|Any CPU.Build.0 = Release|x86
		{49B1FDC6-5FD2-4B85-8401-2E7636BE9CB8}.AppStore|Any CPU.Deploy.0 = Release|x86
		{49B1FDC6-5FD2-4B85-8401-2E7636BE9CB8}.AppStore|ARM.ActiveCfg = Release|ARM
		{49B1FDC6-5FD2-4B85-8401-2E7636BE9CB8}.AppStore|ARM.Build.0 = Release|ARM
		{49B1FDC6-5FD2-4B85-8401-2E7636BE9CB8}.AppStore|ARM.Deploy.0 = Release|ARM
		{49B1FDC6-5FD2-4B85-8401-2E7636BE9CB8}.AppStore|iPhone.ActiveCfg = Release|x86
		{49B1FDC6-5FD2-4B85-8401-2E7636BE9CB8}.AppStore|iPhone.Build.0 = Release|x86
		{49B1FDC6-5FD2-4B85-8401-2E7636BE9CB8}.AppStore|iPhone.Deploy.0 = Release|x86
		{49B1FDC6-5FD2-4B85-8401-2E7636BE9CB8}.AppStore|iPhoneSimulator.ActiveCfg = Release|x86
		{49B1FDC6-5FD2-4B85-8401-2E7636BE9CB8}.AppStore|iPhoneSimulator.Build.0 = Release|x86
		{49B1FDC6-5FD2-4B85-8401-2E7636BE9CB8}.AppStore|iPhoneSimulator.Deploy.0 = Release|x86
		{49B1FDC6-5FD2-4B85-8401-2E7636BE9CB8}.AppStore|x64.ActiveCfg = Release|x64
		{49B1FDC6-5FD2-4B85-8401-2E7636BE9CB8}.AppStore|x64.Build.0 = Release|x64
		{49B1FDC6-5FD2-4B85-8401-2E7636BE9CB8}.AppStore|x64.Deploy.0 = Release|x64
		{49B1FDC6-5FD2-4B85-8401-2E7636BE9CB8}.AppStore|x86.ActiveCfg = Release|x86
		{49B1FDC6-5FD2-4B85-8401-2E7636BE9CB8}.AppStore|x86.Build.0 = Release|x86
		{49B1FDC6-5FD2-4B85-8401-2E7636BE9CB8}.AppStore|x86.Deploy.0 = Release|x86
		{49B1FDC6-5FD2-4B85-8401-2E7636BE9CB8}.Debug|Any CPU.ActiveCfg = Debug|x86
		{49B1FDC6-5FD2-4B85-8401-2E7636BE9CB8}.Debug|Any CPU.Build.0 = Debug|x86
		{49B1FDC6-5FD2-4B85-8401-2E7636BE9CB8}.Debug|Any CPU.Deploy.0 = Debug|x86
		{49B1FDC6-5FD2-4B85-8401-2E7636BE9CB8}.Debug|ARM.ActiveCfg = Debug|ARM
		{49B1FDC6-5FD2-4B85-8401-2E7636BE9CB8}.Debug|ARM.Build.0 = Debug|ARM
		{49B1FDC6-5FD2-4B85-8401-2E7636BE9CB8}.Debug|ARM.Deploy.0 = Debug|ARM
		{49B1FDC6-5FD2-4B85-8401-2E7636BE9CB8}.Debug|iPhone.ActiveCfg = Debug|x86
		{49B1FDC6-5FD2-4B85-8401-2E7636BE9CB8}.Debug|iPhone.Build.0 = Debug|x86
		{49B1FDC6-5FD2-4B85-8401-2E7636BE9CB8}.Debug|iPhone.Deploy.0 = Debug|x86
		{49B1FDC6-5FD2-4B85-8401-2E7636BE9CB8}.Debug|iPhoneSimulator.ActiveCfg = Debug|x86
		{49B1FDC6-5FD2-4B85-8401-2E7636BE9CB8}.Debug|x64.ActiveCfg = Debug|x64
		{49B1FDC6-5FD2-4B85-8401-2E7636BE9CB8}.Debug|x64.Build.0 = Debug|x64
		{49B1FDC6-5FD2-4B85-8401-2E7636BE9CB8}.Debug|x64.Deploy.0 = Debug|x64
		{49B1FDC6-5FD2-4B85-8401-2E7636BE9CB8}.Debug|x86.ActiveCfg = Debug|x86
		{49B1FDC6-5FD2-4B85-8401-2E7636BE9CB8}.Debug|x86.Build.0 = Debug|x86
		{49B1FDC6-5FD2-4B85-8401-2E7636BE9CB8}.Debug|x86.Deploy.0 = Debug|x86
		{49B1FDC6-5FD2-4B85-8401-2E7636BE9CB8}.Release|Any CPU.ActiveCfg = Release|x86
		{49B1FDC6-5FD2-4B85-8401-2E7636BE9CB8}.Release|ARM.ActiveCfg = Release|ARM
		{49B1FDC6-5FD2-4B85-8401-2E7636BE9CB8}.Release|ARM.Build.0 = Release|ARM
		{49B1FDC6-5FD2-4B85-8401-2E7636BE9CB8}.Release|ARM.Deploy.0 = Release|ARM
		{49B1FDC6-5FD2-4B85-8401-2E7636BE9CB8}.Release|iPhone.ActiveCfg = Release|x86
		{49B1FDC6-5FD2-4B85-8401-2E7636BE9CB8}.Release|iPhoneSimulator.ActiveCfg = Release|x86
		{49B1FDC6-5FD2-4B85-8401-2E7636BE9CB8}.Release|x64.ActiveCfg = Release|x64
		{49B1FDC6-5FD2-4B85-8401-2E7636BE9CB8}.Release|x64.Build.0 = Release|x64
		{49B1FDC6-5FD2-4B85-8401-2E7636BE9CB8}.Release|x64.Deploy.0 = Release|x64
		{49B1FDC6-5FD2-4B85-8401-2E7636BE9CB8}.Release|x86.ActiveCfg = Release|x86
		{49B1FDC6-5FD2-4B85-8401-2E7636BE9CB8}.Release|x86.Build.0 = Release|x86
		{49B1FDC6-5FD2-4B85-8401-2E7636BE9CB8}.Release|x86.Deploy.0 = Release|x86
		{67F9D3A8-F71E-4428-913F-C37AE82CDB24}.Ad-Hoc|Any CPU.ActiveCfg = Release|Any CPU
		{67F9D3A8-F71E-4428-913F-C37AE82CDB24}.Ad-Hoc|Any CPU.Build.0 = Release|Any CPU
		{67F9D3A8-F71E-4428-913F-C37AE82CDB24}.Ad-Hoc|ARM.ActiveCfg = Release|Any CPU
		{67F9D3A8-F71E-4428-913F-C37AE82CDB24}.Ad-Hoc|ARM.Build.0 = Release|Any CPU
		{67F9D3A8-F71E-4428-913F-C37AE82CDB24}.Ad-Hoc|iPhone.ActiveCfg = Release|Any CPU
		{67F9D3A8-F71E-4428-913F-C37AE82CDB24}.Ad-Hoc|iPhone.Build.0 = Release|Any CPU
		{67F9D3A8-F71E-4428-913F-C37AE82CDB24}.Ad-Hoc|iPhoneSimulator.ActiveCfg = Release|Any CPU
		{67F9D3A8-F71E-4428-913F-C37AE82CDB24}.Ad-Hoc|iPhoneSimulator.Build.0 = Release|Any CPU
		{67F9D3A8-F71E-4428-913F-C37AE82CDB24}.Ad-Hoc|x64.ActiveCfg = Release|Any CPU
		{67F9D3A8-F71E-4428-913F-C37AE82CDB24}.Ad-Hoc|x64.Build.0 = Release|Any CPU
		{67F9D3A8-F71E-4428-913F-C37AE82CDB24}.Ad-Hoc|x86.ActiveCfg = Release|Any CPU
		{67F9D3A8-F71E-4428-913F-C37AE82CDB24}.Ad-Hoc|x86.Build.0 = Release|Any CPU
		{67F9D3A8-F71E-4428-913F-C37AE82CDB24}.AppStore|Any CPU.ActiveCfg = Release|Any CPU
		{67F9D3A8-F71E-4428-913F-C37AE82CDB24}.AppStore|Any CPU.Build.0 = Release|Any CPU
		{67F9D3A8-F71E-4428-913F-C37AE82CDB24}.AppStore|ARM.ActiveCfg = Release|Any CPU
		{67F9D3A8-F71E-4428-913F-C37AE82CDB24}.AppStore|ARM.Build.0 = Release|Any CPU
		{67F9D3A8-F71E-4428-913F-C37AE82CDB24}.AppStore|iPhone.ActiveCfg = Release|Any CPU
		{67F9D3A8-F71E-4428-913F-C37AE82CDB24}.AppStore|iPhone.Build.0 = Release|Any CPU
		{67F9D3A8-F71E-4428-913F-C37AE82CDB24}.AppStore|iPhoneSimulator.ActiveCfg = Release|Any CPU
		{67F9D3A8-F71E-4428-913F-C37AE82CDB24}.AppStore|iPhoneSimulator.Build.0 = Release|Any CPU
		{67F9D3A8-F71E-4428-913F-C37AE82CDB24}.AppStore|x64.ActiveCfg = Release|Any CPU
		{67F9D3A8-F71E-4428-913F-C37AE82CDB24}.AppStore|x64.Build.0 = Release|Any CPU
		{67F9D3A8-F71E-4428-913F-C37AE82CDB24}.AppStore|x86.ActiveCfg = Release|Any CPU
		{67F9D3A8-F71E-4428-913F-C37AE82CDB24}.AppStore|x86.Build.0 = Release|Any CPU
		{67F9D3A8-F71E-4428-913F-C37AE82CDB24}.Debug|Any CPU.ActiveCfg = Debug|Any CPU
		{67F9D3A8-F71E-4428-913F-C37AE82CDB24}.Debug|Any CPU.Build.0 = Debug|Any CPU
		{67F9D3A8-F71E-4428-913F-C37AE82CDB24}.Debug|ARM.ActiveCfg = Debug|Any CPU
		{67F9D3A8-F71E-4428-913F-C37AE82CDB24}.Debug|ARM.Build.0 = Debug|Any CPU
		{67F9D3A8-F71E-4428-913F-C37AE82CDB24}.Debug|iPhone.ActiveCfg = Debug|Any CPU
		{67F9D3A8-F71E-4428-913F-C37AE82CDB24}.Debug|iPhone.Build.0 = Debug|Any CPU
		{67F9D3A8-F71E-4428-913F-C37AE82CDB24}.Debug|iPhoneSimulator.ActiveCfg = Debug|Any CPU
		{67F9D3A8-F71E-4428-913F-C37AE82CDB24}.Debug|iPhoneSimulator.Build.0 = Debug|Any CPU
		{67F9D3A8-F71E-4428-913F-C37AE82CDB24}.Debug|x64.ActiveCfg = Debug|Any CPU
		{67F9D3A8-F71E-4428-913F-C37AE82CDB24}.Debug|x64.Build.0 = Debug|Any CPU
		{67F9D3A8-F71E-4428-913F-C37AE82CDB24}.Debug|x86.ActiveCfg = Debug|Any CPU
		{67F9D3A8-F71E-4428-913F-C37AE82CDB24}.Debug|x86.Build.0 = Debug|Any CPU
		{67F9D3A8-F71E-4428-913F-C37AE82CDB24}.Release|Any CPU.ActiveCfg = Release|Any CPU
		{67F9D3A8-F71E-4428-913F-C37AE82CDB24}.Release|Any CPU.Build.0 = Release|Any CPU
		{67F9D3A8-F71E-4428-913F-C37AE82CDB24}.Release|ARM.ActiveCfg = Release|Any CPU
		{67F9D3A8-F71E-4428-913F-C37AE82CDB24}.Release|ARM.Build.0 = Release|Any CPU
		{67F9D3A8-F71E-4428-913F-C37AE82CDB24}.Release|iPhone.ActiveCfg = Release|Any CPU
		{67F9D3A8-F71E-4428-913F-C37AE82CDB24}.Release|iPhone.Build.0 = Release|Any CPU
		{67F9D3A8-F71E-4428-913F-C37AE82CDB24}.Release|iPhoneSimulator.ActiveCfg = Release|Any CPU
		{67F9D3A8-F71E-4428-913F-C37AE82CDB24}.Release|iPhoneSimulator.Build.0 = Release|Any CPU
		{67F9D3A8-F71E-4428-913F-C37AE82CDB24}.Release|x64.ActiveCfg = Release|Any CPU
		{67F9D3A8-F71E-4428-913F-C37AE82CDB24}.Release|x64.Build.0 = Release|Any CPU
		{67F9D3A8-F71E-4428-913F-C37AE82CDB24}.Release|x86.ActiveCfg = Release|Any CPU
		{67F9D3A8-F71E-4428-913F-C37AE82CDB24}.Release|x86.Build.0 = Release|Any CPU
	EndGlobalSection
	GlobalSection(SolutionProperties) = preSolution
		HideSolutionNode = FALSE
	EndGlobalSection
EndGlobal
